
Microsoft Visual Studio Solution File, Format Version 12.00
# Visual Studio 14
VisualStudioVersion = 14.0.25420.1
MinimumVisualStudioVersion = 10.0.40219.1
Project("{2150E333-8FDC-42A3-9474-1A3956D46DE8}") = "src", "src", "{C2AAE0EE-0E34-412C-80F1-D2F3C9CC3548}"
EndProject
Project("{2150E333-8FDC-42A3-9474-1A3956D46DE8}") = "Solution Items", "Solution Items", "{214F8AFD-ECCC-4A82-B22B-FFAAA24A0A6D}"
	ProjectSection(SolutionItems) = preProject
		global.json = global.json
		travis.yml = travis.yml
	EndProjectSection
EndProject
Project("{8BB2217D-0F2D-49D1-97BC-3654ED321F3B}") = "Interpreter", "src\Interpreter\Interpreter.xproj", "{09CF890E-1D10-426D-8FEF-6232DB433797}"
EndProject
Project("{8BB2217D-0F2D-49D1-97BC-3654ED321F3B}") = "AbstractFactory", "src\AbstractFactory\AbstractFactory.xproj", "{2C3FA29A-207E-4BAD-A965-2D70E5225B49}"
EndProject
Project("{8BB2217D-0F2D-49D1-97BC-3654ED321F3B}") = "Adapter", "src\Adapter\Adapter.xproj", "{58FCFC36-B8BF-4702-B1DA-057CBDDBE8F7}"
EndProject
Project("{8BB2217D-0F2D-49D1-97BC-3654ED321F3B}") = "Bridge", "src\Bridge\Bridge.xproj", "{F30ADF86-97D5-406B-B121-9F59BA4C4196}"
EndProject
Project("{8BB2217D-0F2D-49D1-97BC-3654ED321F3B}") = "Builder", "src\Builder\Builder.xproj", "{B4BE1828-5048-40E2-BFCC-237B5F040831}"
EndProject
Project("{8BB2217D-0F2D-49D1-97BC-3654ED321F3B}") = "ChainOfResponsability", "src\ChainOfResponsability\ChainOfResponsability.xproj", "{869C42BB-B883-499D-B3CE-BEDAA043FE1C}"
EndProject
Project("{8BB2217D-0F2D-49D1-97BC-3654ED321F3B}") = "Command", "src\Command\Command.xproj", "{25000DD4-A065-4E7E-8226-EF3196B2BFC1}"
EndProject
Project("{8BB2217D-0F2D-49D1-97BC-3654ED321F3B}") = "Composite", "src\Composite\Composite.xproj", "{067262A6-C2FC-4565-9D4C-86272F20DF9D}"
EndProject
Project("{8BB2217D-0F2D-49D1-97BC-3654ED321F3B}") = "Iterator", "src\Iterator\Iterator.xproj", "{4E484F90-010B-450F-86A2-EF2F351ED446}"
EndProject
Project("{8BB2217D-0F2D-49D1-97BC-3654ED321F3B}") = "Mediator", "src\Mediator\Mediator.xproj", "{79819A6F-EF80-492B-9B05-CFDF7D1E3E19}"
EndProject
Project("{8BB2217D-0F2D-49D1-97BC-3654ED321F3B}") = "Memento", "src\Memento\Memento.xproj", "{0F47D7E3-C897-43F9-965F-20089E56D12E}"
EndProject
Project("{8BB2217D-0F2D-49D1-97BC-3654ED321F3B}") = "NullObject", "src\NullObject\NullObject.xproj", "{F7C2E22E-324A-4AD3-939C-640EC5A391AE}"
EndProject
Project("{8BB2217D-0F2D-49D1-97BC-3654ED321F3B}") = "ObjectPool", "src\ObjectPool\ObjectPool.xproj", "{CA5A7678-556C-484F-A241-6E14BA34D7B2}"
EndProject
Project("{8BB2217D-0F2D-49D1-97BC-3654ED321F3B}") = "Observer", "src\Observer\Observer.xproj", "{4CB0B0E9-466B-4876-8B6B-223D14E7104F}"
EndProject
Project("{8BB2217D-0F2D-49D1-97BC-3654ED321F3B}") = "Decorator", "src\Decorator\Decorator.xproj", "{EC7ACB3C-F8EB-43E3-A728-469B62E12B80}"
EndProject
Project("{8BB2217D-0F2D-49D1-97BC-3654ED321F3B}") = "Facade", "src\Facade\Facade.xproj", "{1AAFD93B-E2B6-4A7C-B94F-79D75BBCD8F4}"
EndProject
Project("{8BB2217D-0F2D-49D1-97BC-3654ED321F3B}") = "FactoryMethod", "src\FactoryMethod\FactoryMethod.xproj", "{A46EEC78-B6FD-4C28-941E-C239ADEE9457}"
EndProject
Project("{8BB2217D-0F2D-49D1-97BC-3654ED321F3B}") = "Flyweight", "src\Flyweight\Flyweight.xproj", "{77220EB9-30BA-45A7-8756-867203D17D08}"
EndProject
Project("{8BB2217D-0F2D-49D1-97BC-3654ED321F3B}") = "PrivateClassData", "src\PrivateClassData\PrivateClassData.xproj", "{4FFBE659-B07D-4008-8C57-877D5F14BBB5}"
EndProject
Project("{8BB2217D-0F2D-49D1-97BC-3654ED321F3B}") = "Prototype", "src\Prototype\Prototype.xproj", "{AE2A4C7D-7CE0-42C7-8338-5E02C24DFF9E}"
EndProject
Project("{8BB2217D-0F2D-49D1-97BC-3654ED321F3B}") = "Proxy", "src\Proxy\Proxy.xproj", "{F76CBAAC-4E86-40DB-8DCB-6C75D7CB2480}"
EndProject
Project("{8BB2217D-0F2D-49D1-97BC-3654ED321F3B}") = "Singleton", "src\Singleton\Singleton.xproj", "{D9358945-484D-48EC-9DD9-DD74FFC5214A}"
EndProject
Project("{8BB2217D-0F2D-49D1-97BC-3654ED321F3B}") = "State", "src\State\State.xproj", "{2FFA0175-6625-438F-ABD4-2B9AAAAF1B22}"
EndProject
Project("{8BB2217D-0F2D-49D1-97BC-3654ED321F3B}") = "Strategy", "src\Strategy\Strategy.xproj", "{499A8527-BEAD-4E85-B2F8-30E63E571025}"
EndProject
Project("{8BB2217D-0F2D-49D1-97BC-3654ED321F3B}") = "TemplateMethod", "src\TemplateMethod\TemplateMethod.xproj", "{446111F4-B52A-4FB9-9292-9649938DDE85}"
EndProject
Project("{8BB2217D-0F2D-49D1-97BC-3654ED321F3B}") = "Visitor", "src\Visitor\Visitor.xproj", "{B0FB9451-B95A-4A0F-9548-CE860583CC73}"
EndProject
Global
	GlobalSection(SolutionConfigurationPlatforms) = preSolution
		Debug|Any CPU = Debug|Any CPU
		Release|Any CPU = Release|Any CPU
	EndGlobalSection
	GlobalSection(ProjectConfigurationPlatforms) = postSolution
		{09CF890E-1D10-426D-8FEF-6232DB433797}.Debug|Any CPU.ActiveCfg = Debug|Any CPU
		{09CF890E-1D10-426D-8FEF-6232DB433797}.Debug|Any CPU.Build.0 = Debug|Any CPU
		{09CF890E-1D10-426D-8FEF-6232DB433797}.Release|Any CPU.ActiveCfg = Release|Any CPU
		{09CF890E-1D10-426D-8FEF-6232DB433797}.Release|Any CPU.Build.0 = Release|Any CPU
		{2C3FA29A-207E-4BAD-A965-2D70E5225B49}.Debug|Any CPU.ActiveCfg = Debug|Any CPU
		{2C3FA29A-207E-4BAD-A965-2D70E5225B49}.Debug|Any CPU.Build.0 = Debug|Any CPU
		{2C3FA29A-207E-4BAD-A965-2D70E5225B49}.Release|Any CPU.ActiveCfg = Release|Any CPU
		{2C3FA29A-207E-4BAD-A965-2D70E5225B49}.Release|Any CPU.Build.0 = Release|Any CPU
		{58FCFC36-B8BF-4702-B1DA-057CBDDBE8F7}.Debug|Any CPU.ActiveCfg = Debug|Any CPU
		{58FCFC36-B8BF-4702-B1DA-057CBDDBE8F7}.Debug|Any CPU.Build.0 = Debug|Any CPU
		{58FCFC36-B8BF-4702-B1DA-057CBDDBE8F7}.Release|Any CPU.ActiveCfg = Release|Any CPU
		{58FCFC36-B8BF-4702-B1DA-057CBDDBE8F7}.Release|Any CPU.Build.0 = Release|Any CPU
		{F30ADF86-97D5-406B-B121-9F59BA4C4196}.Debug|Any CPU.ActiveCfg = Debug|Any CPU
		{F30ADF86-97D5-406B-B121-9F59BA4C4196}.Debug|Any CPU.Build.0 = Debug|Any CPU
		{F30ADF86-97D5-406B-B121-9F59BA4C4196}.Release|Any CPU.ActiveCfg = Release|Any CPU
		{F30ADF86-97D5-406B-B121-9F59BA4C4196}.Release|Any CPU.Build.0 = Release|Any CPU
		{B4BE1828-5048-40E2-BFCC-237B5F040831}.Debug|Any CPU.ActiveCfg = Debug|Any CPU
		{B4BE1828-5048-40E2-BFCC-237B5F040831}.Debug|Any CPU.Build.0 = Debug|Any CPU
		{B4BE1828-5048-40E2-BFCC-237B5F040831}.Release|Any CPU.ActiveCfg = Release|Any CPU
		{B4BE1828-5048-40E2-BFCC-237B5F040831}.Release|Any CPU.Build.0 = Release|Any CPU
		{869C42BB-B883-499D-B3CE-BEDAA043FE1C}.Debug|Any CPU.ActiveCfg = Debug|Any CPU
		{869C42BB-B883-499D-B3CE-BEDAA043FE1C}.Debug|Any CPU.Build.0 = Debug|Any CPU
		{869C42BB-B883-499D-B3CE-BEDAA043FE1C}.Release|Any CPU.ActiveCfg = Release|Any CPU
		{869C42BB-B883-499D-B3CE-BEDAA043FE1C}.Release|Any CPU.Build.0 = Release|Any CPU
		{25000DD4-A065-4E7E-8226-EF3196B2BFC1}.Debug|Any CPU.ActiveCfg = Debug|Any CPU
		{25000DD4-A065-4E7E-8226-EF3196B2BFC1}.Debug|Any CPU.Build.0 = Debug|Any CPU
		{25000DD4-A065-4E7E-8226-EF3196B2BFC1}.Release|Any CPU.ActiveCfg = Release|Any CPU
		{25000DD4-A065-4E7E-8226-EF3196B2BFC1}.Release|Any CPU.Build.0 = Release|Any CPU
		{067262A6-C2FC-4565-9D4C-86272F20DF9D}.Debug|Any CPU.ActiveCfg = Debug|Any CPU
		{067262A6-C2FC-4565-9D4C-86272F20DF9D}.Debug|Any CPU.Build.0 = Debug|Any CPU
		{067262A6-C2FC-4565-9D4C-86272F20DF9D}.Release|Any CPU.ActiveCfg = Release|Any CPU
		{067262A6-C2FC-4565-9D4C-86272F20DF9D}.Release|Any CPU.Build.0 = Release|Any CPU
		{4E484F90-010B-450F-86A2-EF2F351ED446}.Debug|Any CPU.ActiveCfg = Debug|Any CPU
		{4E484F90-010B-450F-86A2-EF2F351ED446}.Debug|Any CPU.Build.0 = Debug|Any CPU
		{4E484F90-010B-450F-86A2-EF2F351ED446}.Release|Any CPU.ActiveCfg = Release|Any CPU
		{4E484F90-010B-450F-86A2-EF2F351ED446}.Release|Any CPU.Build.0 = Release|Any CPU
		{79819A6F-EF80-492B-9B05-CFDF7D1E3E19}.Debug|Any CPU.ActiveCfg = Debug|Any CPU
		{79819A6F-EF80-492B-9B05-CFDF7D1E3E19}.Debug|Any CPU.Build.0 = Debug|Any CPU
		{79819A6F-EF80-492B-9B05-CFDF7D1E3E19}.Release|Any CPU.ActiveCfg = Release|Any CPU
		{79819A6F-EF80-492B-9B05-CFDF7D1E3E19}.Release|Any CPU.Build.0 = Release|Any CPU
		{0F47D7E3-C897-43F9-965F-20089E56D12E}.Debug|Any CPU.ActiveCfg = Debug|Any CPU
		{0F47D7E3-C897-43F9-965F-20089E56D12E}.Debug|Any CPU.Build.0 = Debug|Any CPU
		{0F47D7E3-C897-43F9-965F-20089E56D12E}.Release|Any CPU.ActiveCfg = Release|Any CPU
		{0F47D7E3-C897-43F9-965F-20089E56D12E}.Release|Any CPU.Build.0 = Release|Any CPU
		{F7C2E22E-324A-4AD3-939C-640EC5A391AE}.Debug|Any CPU.ActiveCfg = Debug|Any CPU
		{F7C2E22E-324A-4AD3-939C-640EC5A391AE}.Debug|Any CPU.Build.0 = Debug|Any CPU
		{F7C2E22E-324A-4AD3-939C-640EC5A391AE}.Release|Any CPU.ActiveCfg = Release|Any CPU
		{F7C2E22E-324A-4AD3-939C-640EC5A391AE}.Release|Any CPU.Build.0 = Release|Any CPU
		{CA5A7678-556C-484F-A241-6E14BA34D7B2}.Debug|Any CPU.ActiveCfg = Debug|Any CPU
		{CA5A7678-556C-484F-A241-6E14BA34D7B2}.Debug|Any CPU.Build.0 = Debug|Any CPU
		{CA5A7678-556C-484F-A241-6E14BA34D7B2}.Release|Any CPU.ActiveCfg = Release|Any CPU
		{CA5A7678-556C-484F-A241-6E14BA34D7B2}.Release|Any CPU.Build.0 = Release|Any CPU
		{4CB0B0E9-466B-4876-8B6B-223D14E7104F}.Debug|Any CPU.ActiveCfg = Debug|Any CPU
		{4CB0B0E9-466B-4876-8B6B-223D14E7104F}.Debug|Any CPU.Build.0 = Debug|Any CPU
		{4CB0B0E9-466B-4876-8B6B-223D14E7104F}.Release|Any CPU.ActiveCfg = Release|Any CPU
		{4CB0B0E9-466B-4876-8B6B-223D14E7104F}.Release|Any CPU.Build.0 = Release|Any CPU
		{EC7ACB3C-F8EB-43E3-A728-469B62E12B80}.Debug|Any CPU.ActiveCfg = Debug|Any CPU
		{EC7ACB3C-F8EB-43E3-A728-469B62E12B80}.Debug|Any CPU.Build.0 = Debug|Any CPU
		{EC7ACB3C-F8EB-43E3-A728-469B62E12B80}.Release|Any CPU.ActiveCfg = Release|Any CPU
		{EC7ACB3C-F8EB-43E3-A728-469B62E12B80}.Release|Any CPU.Build.0 = Release|Any CPU
		{1AAFD93B-E2B6-4A7C-B94F-79D75BBCD8F4}.Debug|Any CPU.ActiveCfg = Debug|Any CPU
		{1AAFD93B-E2B6-4A7C-B94F-79D75BBCD8F4}.Debug|Any CPU.Build.0 = Debug|Any CPU
		{1AAFD93B-E2B6-4A7C-B94F-79D75BBCD8F4}.Release|Any CPU.ActiveCfg = Release|Any CPU
		{1AAFD93B-E2B6-4A7C-B94F-79D75BBCD8F4}.Release|Any CPU.Build.0 = Release|Any CPU
		{A46EEC78-B6FD-4C28-941E-C239ADEE9457}.Debug|Any CPU.ActiveCfg = Debug|Any CPU
		{A46EEC78-B6FD-4C28-941E-C239ADEE9457}.Debug|Any CPU.Build.0 = Debug|Any CPU
		{A46EEC78-B6FD-4C28-941E-C239ADEE9457}.Release|Any CPU.ActiveCfg = Release|Any CPU
		{A46EEC78-B6FD-4C28-941E-C239ADEE9457}.Release|Any CPU.Build.0 = Release|Any CPU
		{77220EB9-30BA-45A7-8756-867203D17D08}.Debug|Any CPU.ActiveCfg = Debug|Any CPU
		{77220EB9-30BA-45A7-8756-867203D17D08}.Debug|Any CPU.Build.0 = Debug|Any CPU
		{77220EB9-30BA-45A7-8756-867203D17D08}.Release|Any CPU.ActiveCfg = Release|Any CPU
		{77220EB9-30BA-45A7-8756-867203D17D08}.Release|Any CPU.Build.0 = Release|Any CPU
		{4FFBE659-B07D-4008-8C57-877D5F14BBB5}.Debug|Any CPU.ActiveCfg = Debug|Any CPU
		{4FFBE659-B07D-4008-8C57-877D5F14BBB5}.Debug|Any CPU.Build.0 = Debug|Any CPU
		{4FFBE659-B07D-4008-8C57-877D5F14BBB5}.Release|Any CPU.ActiveCfg = Release|Any CPU
		{4FFBE659-B07D-4008-8C57-877D5F14BBB5}.Release|Any CPU.Build.0 = Release|Any CPU
		{AE2A4C7D-7CE0-42C7-8338-5E02C24DFF9E}.Debug|Any CPU.ActiveCfg = Debug|Any CPU
		{AE2A4C7D-7CE0-42C7-8338-5E02C24DFF9E}.Debug|Any CPU.Build.0 = Debug|Any CPU
		{AE2A4C7D-7CE0-42C7-8338-5E02C24DFF9E}.Release|Any CPU.ActiveCfg = Release|Any CPU
		{AE2A4C7D-7CE0-42C7-8338-5E02C24DFF9E}.Release|Any CPU.Build.0 = Release|Any CPU
		{F76CBAAC-4E86-40DB-8DCB-6C75D7CB2480}.Debug|Any CPU.ActiveCfg = Debug|Any CPU
		{F76CBAAC-4E86-40DB-8DCB-6C75D7CB2480}.Debug|Any CPU.Build.0 = Debug|Any CPU
		{F76CBAAC-4E86-40DB-8DCB-6C75D7CB2480}.Release|Any CPU.ActiveCfg = Release|Any CPU
		{F76CBAAC-4E86-40DB-8DCB-6C75D7CB2480}.Release|Any CPU.Build.0 = Release|Any CPU
		{D9358945-484D-48EC-9DD9-DD74FFC5214A}.Debug|Any CPU.ActiveCfg = Debug|Any CPU
		{D9358945-484D-48EC-9DD9-DD74FFC5214A}.Debug|Any CPU.Build.0 = Debug|Any CPU
		{D9358945-484D-48EC-9DD9-DD74FFC5214A}.Release|Any CPU.ActiveCfg = Release|Any CPU
		{D9358945-484D-48EC-9DD9-DD74FFC5214A}.Release|Any CPU.Build.0 = Release|Any CPU
		{2FFA0175-6625-438F-ABD4-2B9AAAAF1B22}.Debug|Any CPU.ActiveCfg = Debug|Any CPU
		{2FFA0175-6625-438F-ABD4-2B9AAAAF1B22}.Debug|Any CPU.Build.0 = Debug|Any CPU
		{2FFA0175-6625-438F-ABD4-2B9AAAAF1B22}.Release|Any CPU.ActiveCfg = Release|Any CPU
		{2FFA0175-6625-438F-ABD4-2B9AAAAF1B22}.Release|Any CPU.Build.0 = Release|Any CPU
		{499A8527-BEAD-4E85-B2F8-30E63E571025}.Debug|Any CPU.ActiveCfg = Debug|Any CPU
		{499A8527-BEAD-4E85-B2F8-30E63E571025}.Debug|Any CPU.Build.0 = Debug|Any CPU
		{499A8527-BEAD-4E85-B2F8-30E63E571025}.Release|Any CPU.ActiveCfg = Release|Any CPU
		{499A8527-BEAD-4E85-B2F8-30E63E571025}.Release|Any CPU.Build.0 = Release|Any CPU
		{446111F4-B52A-4FB9-9292-9649938DDE85}.Debug|Any CPU.ActiveCfg = Debug|Any CPU
		{446111F4-B52A-4FB9-9292-9649938DDE85}.Debug|Any CPU.Build.0 = Debug|Any CPU
		{446111F4-B52A-4FB9-9292-9649938DDE85}.Release|Any CPU.ActiveCfg = Release|Any CPU
		{446111F4-B52A-4FB9-9292-9649938DDE85}.Release|Any CPU.Build.0 = Release|Any CPU
		{B0FB9451-B95A-4A0F-9548-CE860583CC73}.Debug|Any CPU.ActiveCfg = Debug|Any CPU
		{B0FB9451-B95A-4A0F-9548-CE860583CC73}.Debug|Any CPU.Build.0 = Debug|Any CPU
		{B0FB9451-B95A-4A0F-9548-CE860583CC73}.Release|Any CPU.ActiveCfg = Release|Any CPU
		{B0FB9451-B95A-4A0F-9548-CE860583CC73}.Release|Any CPU.Build.0 = Release|Any CPU
	EndGlobalSection
	GlobalSection(SolutionProperties) = preSolution
		HideSolutionNode = FALSE
	EndGlobalSection
	GlobalSection(NestedProjects) = preSolution
		{09CF890E-1D10-426D-8FEF-6232DB433797} = {C2AAE0EE-0E34-412C-80F1-D2F3C9CC3548}
		{2C3FA29A-207E-4BAD-A965-2D70E5225B49} = {C2AAE0EE-0E34-412C-80F1-D2F3C9CC3548}
		{58FCFC36-B8BF-4702-B1DA-057CBDDBE8F7} = {C2AAE0EE-0E34-412C-80F1-D2F3C9CC3548}
		{F30ADF86-97D5-406B-B121-9F59BA4C4196} = {C2AAE0EE-0E34-412C-80F1-D2F3C9CC3548}
		{B4BE1828-5048-40E2-BFCC-237B5F040831} = {C2AAE0EE-0E34-412C-80F1-D2F3C9CC3548}
		{869C42BB-B883-499D-B3CE-BEDAA043FE1C} = {C2AAE0EE-0E34-412C-80F1-D2F3C9CC3548}
		{25000DD4-A065-4E7E-8226-EF3196B2BFC1} = {C2AAE0EE-0E34-412C-80F1-D2F3C9CC3548}
		{067262A6-C2FC-4565-9D4C-86272F20DF9D} = {C2AAE0EE-0E34-412C-80F1-D2F3C9CC3548}
		{4E484F90-010B-450F-86A2-EF2F351ED446} = {C2AAE0EE-0E34-412C-80F1-D2F3C9CC3548}
		{79819A6F-EF80-492B-9B05-CFDF7D1E3E19} = {C2AAE0EE-0E34-412C-80F1-D2F3C9CC3548}
		{0F47D7E3-C897-43F9-965F-20089E56D12E} = {C2AAE0EE-0E34-412C-80F1-D2F3C9CC3548}
		{F7C2E22E-324A-4AD3-939C-640EC5A391AE} = {C2AAE0EE-0E34-412C-80F1-D2F3C9CC3548}
		{CA5A7678-556C-484F-A241-6E14BA34D7B2} = {C2AAE0EE-0E34-412C-80F1-D2F3C9CC3548}
		{4CB0B0E9-466B-4876-8B6B-223D14E7104F} = {C2AAE0EE-0E34-412C-80F1-D2F3C9CC3548}
		{EC7ACB3C-F8EB-43E3-A728-469B62E12B80} = {C2AAE0EE-0E34-412C-80F1-D2F3C9CC3548}
		{1AAFD93B-E2B6-4A7C-B94F-79D75BBCD8F4} = {C2AAE0EE-0E34-412C-80F1-D2F3C9CC3548}
		{A46EEC78-B6FD-4C28-941E-C239ADEE9457} = {C2AAE0EE-0E34-412C-80F1-D2F3C9CC3548}
		{77220EB9-30BA-45A7-8756-867203D17D08} = {C2AAE0EE-0E34-412C-80F1-D2F3C9CC3548}
		{4FFBE659-B07D-4008-8C57-877D5F14BBB5} = {C2AAE0EE-0E34-412C-80F1-D2F3C9CC3548}
		{AE2A4C7D-7CE0-42C7-8338-5E02C24DFF9E} = {C2AAE0EE-0E34-412C-80F1-D2F3C9CC3548}
		{F76CBAAC-4E86-40DB-8DCB-6C75D7CB2480} = {C2AAE0EE-0E34-412C-80F1-D2F3C9CC3548}
		{D9358945-484D-48EC-9DD9-DD74FFC5214A} = {C2AAE0EE-0E34-412C-80F1-D2F3C9CC3548}
		{2FFA0175-6625-438F-ABD4-2B9AAAAF1B22} = {C2AAE0EE-0E34-412C-80F1-D2F3C9CC3548}
		{499A8527-BEAD-4E85-B2F8-30E63E571025} = {C2AAE0EE-0E34-412C-80F1-D2F3C9CC3548}
		{446111F4-B52A-4FB9-9292-9649938DDE85} = {C2AAE0EE-0E34-412C-80F1-D2F3C9CC3548}
		{B0FB9451-B95A-4A0F-9548-CE860583CC73} = {C2AAE0EE-0E34-412C-80F1-D2F3C9CC3548}
	EndGlobalSection
EndGlobal
